
Microsoft Visual Studio Solution File, Format Version 12.00
# Visual Studio 14
VisualStudioVersion = 14.0.25123.0
MinimumVisualStudioVersion = 10.0.40219.1
Project("{FAE04EC0-301F-11D3-BF4B-00C04F79EFBC}") = "S3A1SettingsServiceDemoApp", "S3A1SettingsServiceDemoApp\S3A1SettingsServiceDemoApp.csproj", "{FF49599D-60D1-4FC1-96A9-D0024F1F70AB}"
EndProject
Global
	GlobalSection(SolutionConfigurationPlatforms) = preSolution
		Debug|ARM = Debug|ARM
		Debug|x64 = Debug|x64
		Debug|x86 = Debug|x86
		Release|ARM = Release|ARM
		Release|x64 = Release|x64
		Release|x86 = Release|x86
	EndGlobalSection
	GlobalSection(ProjectConfigurationPlatforms) = postSolution
		{FF49599D-60D1-4FC1-96A9-D0024F1F70AB}.Debug|ARM.ActiveCfg = Debug|ARM
		{FF49599D-60D1-4FC1-96A9-D0024F1F70AB}.Debug|ARM.Build.0 = Debug|ARM
		{FF49599D-60D1-4FC1-96A9-D0024F1F70AB}.Debug|ARM.Deploy.0 = Debug|ARM
		{FF49599D-60D1-4FC1-96A9-D0024F1F70AB}.Debug|x64.ActiveCfg = Debug|x64
		{FF49599D-60D1-4FC1-96A9-D0024F1F70AB}.Debug|x64.Build.0 = Debug|x64
		{FF49599D-60D1-4FC1-96A9-D0024F1F70AB}.Debug|x64.Deploy.0 = Debug|x64
		{FF49599D-60D1-4FC1-96A9-D0024F1F70AB}.Debug|x86.ActiveCfg = Debug|x86
		{FF49599D-60D1-4FC1-96A9-D0024F1F70AB}.Debug|x86.Build.0 = Debug|x86
		{FF49599D-60D1-4FC1-96A9-D0024F1F70AB}.Debug|x86.Deploy.0 = Debug|x86
		{FF49599D-60D1-4FC1-96A9-D0024F1F70AB}.Release|ARM.ActiveCfg = Release|ARM
		{FF49599D-60D1-4FC1-96A9-D0024F1F70AB}.Release|ARM.Build.0 = Release|ARM
		{FF49599D-60D1-4FC1-96A9-D0024F1F70AB}.Release|ARM.Deploy.0 = Release|ARM
		{FF49599D-60D1-4FC1-96A9-D0024F1F70AB}.Release|x64.ActiveCfg = Release|x64
		{FF49599D-60D1-4FC1-96A9-D0024F1F70AB}.Release|x64.Build.0 = Release|x64
		{FF49599D-60D1-4FC1-96A9-D0024F1F70AB}.Release|x64.Deploy.0 = Release|x64
		{FF49599D-60D1-4FC1-96A9-D0024F1F70AB}.Release|x86.ActiveCfg = Release|x86
		{FF49599D-60D1-4FC1-96A9-D0024F1F70AB}.Release|x86.Build.0 = Release|x86
		{FF49599D-60D1-4FC1-96A9-D0024F1F70AB}.Release|x86.Deploy.0 = Release|x86
	EndGlobalSection
	GlobalSection(SolutionProperties) = preSolution
		HideSolutionNode = FALSE
	EndGlobalSection
EndGlobal
